
Microsoft Visual Studio Solution File, Format Version 12.00
# Visual Studio Version 17
VisualStudioVersion = 17.5.33424.131
MinimumVisualStudioVersion = 10.0.40219.1
Project("{FAE04EC0-301F-11D3-BF4B-00C04F79EFBC}") = "RRS_UWP", "RRS_UWP\RRS_UWP.csproj", "{D1FC2B23-CB71-46D6-8AE9-C0007CEBF85B}"
EndProject
Project("{FAE04EC0-301F-11D3-BF4B-00C04F79EFBC}") = "RRS_UWP.Core", "RRS_UWP.Core\RRS_UWP.Core.csproj", "{207DA620-34A4-4458-B4C5-D031D3FFC743}"
EndProject
Global
	GlobalSection(SolutionConfigurationPlatforms) = preSolution
		Debug|Any CPU = Debug|Any CPU
		Debug|ARM = Debug|ARM
		Debug|ARM64 = Debug|ARM64
		Debug|x64 = Debug|x64
		Debug|x86 = Debug|x86
		Release|Any CPU = Release|Any CPU
		Release|ARM = Release|ARM
		Release|ARM64 = Release|ARM64
		Release|x64 = Release|x64
		Release|x86 = Release|x86
	EndGlobalSection
	GlobalSection(ProjectConfigurationPlatforms) = postSolution
		{D1FC2B23-CB71-46D6-8AE9-C0007CEBF85B}.Debug|Any CPU.ActiveCfg = Debug|x64
		{D1FC2B23-CB71-46D6-8AE9-C0007CEBF85B}.Debug|Any CPU.Build.0 = Debug|x64
		{D1FC2B23-CB71-46D6-8AE9-C0007CEBF85B}.Debug|Any CPU.Deploy.0 = Debug|x64
		{D1FC2B23-CB71-46D6-8AE9-C0007CEBF85B}.Debug|ARM.ActiveCfg = Debug|ARM
		{D1FC2B23-CB71-46D6-8AE9-C0007CEBF85B}.Debug|ARM.Build.0 = Debug|ARM
		{D1FC2B23-CB71-46D6-8AE9-C0007CEBF85B}.Debug|ARM.Deploy.0 = Debug|ARM
		{D1FC2B23-CB71-46D6-8AE9-C0007CEBF85B}.Debug|ARM64.ActiveCfg = Debug|ARM64
		{D1FC2B23-CB71-46D6-8AE9-C0007CEBF85B}.Debug|ARM64.Build.0 = Debug|ARM64
		{D1FC2B23-CB71-46D6-8AE9-C0007CEBF85B}.Debug|ARM64.Deploy.0 = Debug|ARM64
		{D1FC2B23-CB71-46D6-8AE9-C0007CEBF85B}.Debug|x64.ActiveCfg = Debug|x64
		{D1FC2B23-CB71-46D6-8AE9-C0007CEBF85B}.Debug|x64.Build.0 = Debug|x64
		{D1FC2B23-CB71-46D6-8AE9-C0007CEBF85B}.Debug|x64.Deploy.0 = Debug|x64
		{D1FC2B23-CB71-46D6-8AE9-C0007CEBF85B}.Debug|x86.ActiveCfg = Debug|x86
		{D1FC2B23-CB71-46D6-8AE9-C0007CEBF85B}.Debug|x86.Build.0 = Debug|x86
		{D1FC2B23-CB71-46D6-8AE9-C0007CEBF85B}.Debug|x86.Deploy.0 = Debug|x86
		{D1FC2B23-CB71-46D6-8AE9-C0007CEBF85B}.Release|Any CPU.ActiveCfg = Release|x64
		{D1FC2B23-CB71-46D6-8AE9-C0007CEBF85B}.Release|Any CPU.Build.0 = Release|x64
		{D1FC2B23-CB71-46D6-8AE9-C0007CEBF85B}.Release|Any CPU.Deploy.0 = Release|x64
		{D1FC2B23-CB71-46D6-8AE9-C0007CEBF85B}.Release|ARM.ActiveCfg = Release|ARM
		{D1FC2B23-CB71-46D6-8AE9-C0007CEBF85B}.Release|ARM.Build.0 = Release|ARM
		{D1FC2B23-CB71-46D6-8AE9-C0007CEBF85B}.Release|ARM.Deploy.0 = Release|ARM
		{D1FC2B23-CB71-46D6-8AE9-C0007CEBF85B}.Release|ARM64.ActiveCfg = Release|ARM64
		{D1FC2B23-CB71-46D6-8AE9-C0007CEBF85B}.Release|ARM64.Build.0 = Release|ARM64
		{D1FC2B23-CB71-46D6-8AE9-C0007CEBF85B}.Release|ARM64.Deploy.0 = Release|ARM64
		{D1FC2B23-CB71-46D6-8AE9-C0007CEBF85B}.Release|x64.ActiveCfg = Release|x64
		{D1FC2B23-CB71-46D6-8AE9-C0007CEBF85B}.Release|x64.Build.0 = Release|x64
		{D1FC2B23-CB71-46D6-8AE9-C0007CEBF85B}.Release|x64.Deploy.0 = Release|x64
		{D1FC2B23-CB71-46D6-8AE9-C0007CEBF85B}.Release|x86.ActiveCfg = Release|x86
		{D1FC2B23-CB71-46D6-8AE9-C0007CEBF85B}.Release|x86.Build.0 = Release|x86
		{D1FC2B23-CB71-46D6-8AE9-C0007CEBF85B}.Release|x86.Deploy.0 = Release|x86
		{207DA620-34A4-4458-B4C5-D031D3FFC743}.Debug|Any CPU.ActiveCfg = Debug|Any CPU
		{207DA620-34A4-4458-B4C5-D031D3FFC743}.Debug|Any CPU.Build.0 = Debug|Any CPU
		{207DA620-34A4-4458-B4C5-D031D3FFC743}.Debug|ARM.ActiveCfg = Debug|Any CPU
		{207DA620-34A4-4458-B4C5-D031D3FFC743}.Debug|ARM.Build.0 = Debug|Any CPU
		{207DA620-34A4-4458-B4C5-D031D3FFC743}.Debug|ARM64.ActiveCfg = Debug|Any CPU
		{207DA620-34A4-4458-B4C5-D031D3FFC743}.Debug|ARM64.Build.0 = Debug|Any CPU
		{207DA620-34A4-4458-B4C5-D031D3FFC743}.Debug|x64.ActiveCfg = Debug|Any CPU
		{207DA620-34A4-4458-B4C5-D031D3FFC743}.Debug|x64.Build.0 = Debug|Any CPU
		{207DA620-34A4-4458-B4C5-D031D3FFC743}.Debug|x86.ActiveCfg = Debug|Any CPU
		{207DA620-34A4-4458-B4C5-D031D3FFC743}.Debug|x86.Build.0 = Debug|Any CPU
		{207DA620-34A4-4458-B4C5-D031D3FFC743}.Release|Any CPU.ActiveCfg = Release|Any CPU
		{207DA620-34A4-4458-B4C5-D031D3FFC743}.Release|Any CPU.Build.0 = Release|Any CPU
		{207DA620-34A4-4458-B4C5-D031D3FFC743}.Release|ARM.ActiveCfg = Release|Any CPU
		{207DA620-34A4-4458-B4C5-D031D3FFC743}.Release|ARM.Build.0 = Release|Any CPU
		{207DA620-34A4-4458-B4C5-D031D3FFC743}.Release|ARM64.ActiveCfg = Release|Any CPU
		{207DA620-34A4-4458-B4C5-D031D3FFC743}.Release|ARM64.Build.0 = Release|Any CPU
		{207DA620-34A4-4458-B4C5-D031D3FFC743}.Release|x64.ActiveCfg = Release|Any CPU
		{207DA620-34A4-4458-B4C5-D031D3FFC743}.Release|x64.Build.0 = Release|Any CPU
		{207DA620-34A4-4458-B4C5-D031D3FFC743}.Release|x86.ActiveCfg = Release|Any CPU
		{207DA620-34A4-4458-B4C5-D031D3FFC743}.Release|x86.Build.0 = Release|Any CPU
	EndGlobalSection
	GlobalSection(SolutionProperties) = preSolution
		HideSolutionNode = FALSE
	EndGlobalSection
	GlobalSection(ExtensibilityGlobals) = postSolution
		SolutionGuid = {B6259056-69AB-4064-8622-FA3544C41CE0}
	EndGlobalSection
EndGlobal
